// !$*UTF8*$!
{
	archiveVersion = 1;
	classes = {
	};
	objectVersion = 50;
	objects = {

/* Begin PBXBuildFile section */
		2C36EC742607383700250ADE /* Color.swift in Sources */ = {isa = PBXBuildFile; fileRef = 2C36EC732607383700250ADE /* Color.swift */; };
		89F207E3260F1E1B00D5A78F /* LayerLabel.swift in Sources */ = {isa = PBXBuildFile; fileRef = 89F207E2260F1E1B00D5A78F /* LayerLabel.swift */; };
		A209157F2606FE3F001A242E /* ProjectViewController.swift in Sources */ = {isa = PBXBuildFile; fileRef = A209157E2606FE3F001A242E /* ProjectViewController.swift */; };
		A2091585260703D1001A242E /* SceneViewController.swift in Sources */ = {isa = PBXBuildFile; fileRef = A2091584260703D1001A242E /* SceneViewController.swift */; };
		A209158926070553001A242E /* SceneHeaderView.swift in Sources */ = {isa = PBXBuildFile; fileRef = A209158826070553001A242E /* SceneHeaderView.swift */; };
		A209158C26070595001A242E /* SceneShotViewCell.swift in Sources */ = {isa = PBXBuildFile; fileRef = A209158B26070595001A242E /* SceneShotViewCell.swift */; };
		A2091590260705EB001A242E /* ProjectViewCell.swift in Sources */ = {isa = PBXBuildFile; fileRef = A209158F260705EB001A242E /* ProjectViewCell.swift */; };
		A24F62F62600CC7300FC7CD4 /* AppDelegate.swift in Sources */ = {isa = PBXBuildFile; fileRef = A24F62F52600CC7300FC7CD4 /* AppDelegate.swift */; };
		A24F62F82600CC7300FC7CD4 /* SceneDelegate.swift in Sources */ = {isa = PBXBuildFile; fileRef = A24F62F72600CC7300FC7CD4 /* SceneDelegate.swift */; };
		A24F62FD2600CC7300FC7CD4 /* Main.storyboard in Resources */ = {isa = PBXBuildFile; fileRef = A24F62FB2600CC7300FC7CD4 /* Main.storyboard */; };
		A24F62FF2600CC7500FC7CD4 /* Assets.xcassets in Resources */ = {isa = PBXBuildFile; fileRef = A24F62FE2600CC7500FC7CD4 /* Assets.xcassets */; };
		A24F63022600CC7500FC7CD4 /* LaunchScreen.storyboard in Resources */ = {isa = PBXBuildFile; fileRef = A24F63002600CC7500FC7CD4 /* LaunchScreen.storyboard */; };
		A29A18F026071A3700710943 /* StorytellerTests.swift in Sources */ = {isa = PBXBuildFile; fileRef = A29A18EF26071A3700710943 /* StorytellerTests.swift */; };
		A29A19302607239E00710943 /* StorageManager.swift in Sources */ = {isa = PBXBuildFile; fileRef = A29A192C2607239E00710943 /* StorageManager.swift */; };
		A29A19322607239E00710943 /* StorageUtility.swift in Sources */ = {isa = PBXBuildFile; fileRef = A29A192E2607239E00710943 /* StorageUtility.swift */; };
		A29A19522607242000710943 /* ModelManager.swift in Sources */ = {isa = PBXBuildFile; fileRef = A29A19272607237100710943 /* ModelManager.swift */; };
		A29A19552607242600710943 /* Layer.swift in Sources */ = {isa = PBXBuildFile; fileRef = A29A19282607237100710943 /* Layer.swift */; };
		A29A19582607242800710943 /* Shot.swift in Sources */ = {isa = PBXBuildFile; fileRef = A29A19292607237100710943 /* Shot.swift */; };
		A29A195B2607243300710943 /* Scene.swift in Sources */ = {isa = PBXBuildFile; fileRef = A29A19202607237100710943 /* Scene.swift */; };
		A29A19612607243800710943 /* Project.swift in Sources */ = {isa = PBXBuildFile; fileRef = A29A19222607237100710943 /* Project.swift */; };
		A29A19642607243E00710943 /* ShotLabel.swift in Sources */ = {isa = PBXBuildFile; fileRef = A29A19232607237100710943 /* ShotLabel.swift */; };
		A29A19672607244000710943 /* ProjectLabel.swift in Sources */ = {isa = PBXBuildFile; fileRef = A29A19242607237100710943 /* ProjectLabel.swift */; };
		A29A196A2607244200710943 /* SceneLabel.swift in Sources */ = {isa = PBXBuildFile; fileRef = A29A19252607237100710943 /* SceneLabel.swift */; };
		A2F2C8962607634800FD4FF6 /* AddShotViewCell.swift in Sources */ = {isa = PBXBuildFile; fileRef = A2F2C8952607634800FD4FF6 /* AddShotViewCell.swift */; };
		A2F2C89A260768E900FD4FF6 /* Color.swift in Sources */ = {isa = PBXBuildFile; fileRef = A2F2C899260768E900FD4FF6 /* Color.swift */; };
		B30AA8592610C3B5008B6714 /* StorageProject.swift in Sources */ = {isa = PBXBuildFile; fileRef = B30AA8582610C3B5008B6714 /* StorageProject.swift */; };
		B30AA85D2610C3D7008B6714 /* StorageScene.swift in Sources */ = {isa = PBXBuildFile; fileRef = B30AA85C2610C3D7008B6714 /* StorageScene.swift */; };
		B30AA8612610C3F7008B6714 /* StorageShot.swift in Sources */ = {isa = PBXBuildFile; fileRef = B30AA8602610C3F7008B6714 /* StorageShot.swift */; };
		B30AA8662610C419008B6714 /* StorageLayer.swift in Sources */ = {isa = PBXBuildFile; fileRef = B30AA8652610C419008B6714 /* StorageLayer.swift */; };
		B30AA8812610C544008B6714 /* DrawingComponent.swift in Sources */ = {isa = PBXBuildFile; fileRef = B30AA8802610C544008B6714 /* DrawingComponent.swift */; };
		B30AA8902610D384008B6714 /* UIImage+mergeWith.swift in Sources */ = {isa = PBXBuildFile; fileRef = B30AA88F2610D384008B6714 /* UIImage+mergeWith.swift */; };
		B31A650E2618201900F532AF /* CGAffineTransform+transformedAround.swift in Sources */ = {isa = PBXBuildFile; fileRef = B31A650D2618201900F532AF /* CGAffineTransform+transformedAround.swift */; };
		B3320D1E260F6AB20063558A /* LayerMerger.swift in Sources */ = {isa = PBXBuildFile; fileRef = B3320D1D260F6AB20063558A /* LayerMerger.swift */; };
		B3320D22260F6BA10063558A /* NormalLayerMerger.swift in Sources */ = {isa = PBXBuildFile; fileRef = B3320D21260F6BA10063558A /* NormalLayerMerger.swift */; };
		B3320D62260F92330063558A /* LayerComponent.swift in Sources */ = {isa = PBXBuildFile; fileRef = B3320D61260F92330063558A /* LayerComponent.swift */; };
		B3440873262B0076009F3CC0 /* ImageLayerView.swift in Sources */ = {isa = PBXBuildFile; fileRef = B3440872262B0076009F3CC0 /* ImageLayerView.swift */; };
		B3440878262B61AD009F3CC0 /* CGSize+rectAtOrigin.swift in Sources */ = {isa = PBXBuildFile; fileRef = B3440877262B61AD009F3CC0 /* CGSize+rectAtOrigin.swift */; };
		B34A84522617AC0000A3185A /* UIView+asImage.swift in Sources */ = {isa = PBXBuildFile; fileRef = B34A84512617AC0000A3185A /* UIView+asImage.swift */; };
		B34A84562617AC6D00A3185A /* ImageMerger.swift in Sources */ = {isa = PBXBuildFile; fileRef = B34A84552617AC6D00A3185A /* ImageMerger.swift */; };
		B35115BA26123B510056886C /* UIView+newPointInView.swift in Sources */ = {isa = PBXBuildFile; fileRef = B35115B926123B510056886C /* UIView+newPointInView.swift */; };
		B35115C0261341980056886C /* UIView+setAnchorPoint.swift in Sources */ = {isa = PBXBuildFile; fileRef = B35115BF261341980056886C /* UIView+setAnchorPoint.swift */; };
		B35115D22613790F0056886C /* EditingMode.swift in Sources */ = {isa = PBXBuildFile; fileRef = B35115D12613790F0056886C /* EditingMode.swift */; };
		B35115D626137BE20056886C /* LayerTableController.swift in Sources */ = {isa = PBXBuildFile; fileRef = B35115D526137BE20056886C /* LayerTableController.swift */; };
		B35830562615F0C000824C55 /* LayerTableViewCell.swift in Sources */ = {isa = PBXBuildFile; fileRef = B35830552615F0C000824C55 /* LayerTableViewCell.swift */; };
		B358305C2615F57500824C55 /* LayerLockButton.swift in Sources */ = {isa = PBXBuildFile; fileRef = B358305B2615F57500824C55 /* LayerLockButton.swift */; };
		B35830602615F5E200824C55 /* LayerVisibilityButton.swift in Sources */ = {isa = PBXBuildFile; fileRef = B358305F2615F5E200824C55 /* LayerVisibilityButton.swift */; };
		B35FA28826143B7900D656E3 /* UIImage+solidImage.swift in Sources */ = {isa = PBXBuildFile; fileRef = B35FA28726143B7900D656E3 /* UIImage+solidImage.swift */; };
		B35FA29426143FA400D656E3 /* SelectableView.swift in Sources */ = {isa = PBXBuildFile; fileRef = B35FA29326143FA400D656E3 /* SelectableView.swift */; };
		B35FA2982614401C00D656E3 /* TransformLayerButton.swift in Sources */ = {isa = PBXBuildFile; fileRef = B35FA2972614401C00D656E3 /* TransformLayerButton.swift */; };
		B35FA2B82614A84900D656E3 /* CompositeComponent.swift in Sources */ = {isa = PBXBuildFile; fileRef = B35FA2B72614A84900D656E3 /* CompositeComponent.swift */; };
		B35FA2BC2614AB7100D656E3 /* StorageLayerComponent.swift in Sources */ = {isa = PBXBuildFile; fileRef = B35FA2BB2614AB7100D656E3 /* StorageLayerComponent.swift */; };
		B35FA2C42614C22A00D656E3 /* Transformable.swift in Sources */ = {isa = PBXBuildFile; fileRef = B35FA2C32614C22A00D656E3 /* Transformable.swift */; };
		B3755AA22605F21400EC0F56 /* LayerView.swift in Sources */ = {isa = PBXBuildFile; fileRef = B3755AA12605F21400EC0F56 /* LayerView.swift */; };
		B3755AAB26062B9700EC0F56 /* ShotDesignerViewController.swift in Sources */ = {isa = PBXBuildFile; fileRef = B3755AAA26062B9700EC0F56 /* ShotDesignerViewController.swift */; };
		B3755AB3260643C000EC0F56 /* Constants.swift in Sources */ = {isa = PBXBuildFile; fileRef = B3755AB2260643C000EC0F56 /* Constants.swift */; };
		B3755AB92606454900EC0F56 /* ShotView.swift in Sources */ = {isa = PBXBuildFile; fileRef = B3755AB82606454900EC0F56 /* ShotView.swift */; };
		B3755AD626065C0700EC0F56 /* DrawingUtility.swift in Sources */ = {isa = PBXBuildFile; fileRef = B3755AD526065C0700EC0F56 /* DrawingUtility.swift */; };
		B3878B882629BBB100DEDE1A /* ImageComponent.swift in Sources */ = {isa = PBXBuildFile; fileRef = B3878B872629BBB100DEDE1A /* ImageComponent.swift */; };
		B3C7BF98262C101F0005F159 /* UIImage+scaleToFit.swift in Sources */ = {isa = PBXBuildFile; fileRef = B3C7BF97262C101F0005F159 /* UIImage+scaleToFit.swift */; };
		B3C7BFA2262C21430005F159 /* RedOnionSkinMerger.swift in Sources */ = {isa = PBXBuildFile; fileRef = B3C7BFA1262C21430005F159 /* RedOnionSkinMerger.swift */; };
		B3C7BFA6262C217C0005F159 /* PKDrawing+redOnionSkin.swift in Sources */ = {isa = PBXBuildFile; fileRef = B3C7BFA5262C217C0005F159 /* PKDrawing+redOnionSkin.swift */; };
		B3C7BFB2262C24E50005F159 /* GreenOnionSkinMerger.swift in Sources */ = {isa = PBXBuildFile; fileRef = B3C7BFB1262C24E50005F159 /* GreenOnionSkinMerger.swift */; };
		B3C7BFB6262C29930005F159 /* OnionSkinRange.swift in Sources */ = {isa = PBXBuildFile; fileRef = B3C7BFB5262C29930005F159 /* OnionSkinRange.swift */; };
		B3C7BFBA262C393A0005F159 /* Thumbnail.swift in Sources */ = {isa = PBXBuildFile; fileRef = B3C7BFB9262C393A0005F159 /* Thumbnail.swift */; };
		B3C7BFC0262C3C8B0005F159 /* ThumbnailMerger.swift in Sources */ = {isa = PBXBuildFile; fileRef = B3C7BFBF262C3C8B0005F159 /* ThumbnailMerger.swift */; };
		B3C7BFC4262C3F3A0005F159 /* Thumbnailable.swift in Sources */ = {isa = PBXBuildFile; fileRef = B3C7BFC3262C3F3A0005F159 /* Thumbnailable.swift */; };
		B3D7AD532615A1280082D591 /* DrawingLayerView.swift in Sources */ = {isa = PBXBuildFile; fileRef = B3D7AD522615A1280082D591 /* DrawingLayerView.swift */; };
		B3D7AD612615A54C0082D591 /* CompositeLayerView.swift in Sources */ = {isa = PBXBuildFile; fileRef = B3D7AD602615A54C0082D591 /* CompositeLayerView.swift */; };
		B3D7AD6B2615B4C30082D591 /* UIView+showBorder.swift in Sources */ = {isa = PBXBuildFile; fileRef = B3D7AD6A2615B4C30082D591 /* UIView+showBorder.swift */; };
		B3E19000261620F0003C7AEF /* DrawingModeButton.swift in Sources */ = {isa = PBXBuildFile; fileRef = B3E18FFF261620F0003C7AEF /* DrawingModeButton.swift */; };
		B3E190042616219C003C7AEF /* ShotDesignerButton.swift in Sources */ = {isa = PBXBuildFile; fileRef = B3E190032616219C003C7AEF /* ShotDesignerButton.swift */; };
		B3FB29062617680100DC4BEE /* Alert.swift in Sources */ = {isa = PBXBuildFile; fileRef = B3FB29052617680100DC4BEE /* Alert.swift */; };
/* End PBXBuildFile section */

/* Begin PBXContainerItemProxy section */
		A29A18F226071A3700710943 /* PBXContainerItemProxy */ = {
			isa = PBXContainerItemProxy;
			containerPortal = A24F62EA2600CC7300FC7CD4 /* Project object */;
			proxyType = 1;
			remoteGlobalIDString = A24F62F12600CC7300FC7CD4;
			remoteInfo = Storyteller;
		};
/* End PBXContainerItemProxy section */

/* Begin PBXFileReference section */
		2C36EC732607383700250ADE /* Color.swift */ = {isa = PBXFileReference; lastKnownFileType = sourcecode.swift; path = Color.swift; sourceTree = "<group>"; };
		89F207E2260F1E1B00D5A78F /* LayerLabel.swift */ = {isa = PBXFileReference; lastKnownFileType = sourcecode.swift; path = LayerLabel.swift; sourceTree = "<group>"; };
		A209157E2606FE3F001A242E /* ProjectViewController.swift */ = {isa = PBXFileReference; lastKnownFileType = sourcecode.swift; path = ProjectViewController.swift; sourceTree = "<group>"; };
		A2091584260703D1001A242E /* SceneViewController.swift */ = {isa = PBXFileReference; lastKnownFileType = sourcecode.swift; path = SceneViewController.swift; sourceTree = "<group>"; };
		A209158826070553001A242E /* SceneHeaderView.swift */ = {isa = PBXFileReference; lastKnownFileType = sourcecode.swift; path = SceneHeaderView.swift; sourceTree = "<group>"; };
		A209158B26070595001A242E /* SceneShotViewCell.swift */ = {isa = PBXFileReference; lastKnownFileType = sourcecode.swift; path = SceneShotViewCell.swift; sourceTree = "<group>"; };
		A209158F260705EB001A242E /* ProjectViewCell.swift */ = {isa = PBXFileReference; lastKnownFileType = sourcecode.swift; path = ProjectViewCell.swift; sourceTree = "<group>"; };
		A24F62F22600CC7300FC7CD4 /* Storyteller.app */ = {isa = PBXFileReference; explicitFileType = wrapper.application; includeInIndex = 0; path = Storyteller.app; sourceTree = BUILT_PRODUCTS_DIR; };
		A24F62F52600CC7300FC7CD4 /* AppDelegate.swift */ = {isa = PBXFileReference; lastKnownFileType = sourcecode.swift; path = AppDelegate.swift; sourceTree = "<group>"; };
		A24F62F72600CC7300FC7CD4 /* SceneDelegate.swift */ = {isa = PBXFileReference; lastKnownFileType = sourcecode.swift; path = SceneDelegate.swift; sourceTree = "<group>"; };
		A24F62FC2600CC7300FC7CD4 /* Base */ = {isa = PBXFileReference; lastKnownFileType = file.storyboard; name = Base; path = Base.lproj/Main.storyboard; sourceTree = "<group>"; };
		A24F62FE2600CC7500FC7CD4 /* Assets.xcassets */ = {isa = PBXFileReference; lastKnownFileType = folder.assetcatalog; path = Assets.xcassets; sourceTree = "<group>"; };
		A24F63012600CC7500FC7CD4 /* Base */ = {isa = PBXFileReference; lastKnownFileType = file.storyboard; name = Base; path = Base.lproj/LaunchScreen.storyboard; sourceTree = "<group>"; };
		A24F63032600CC7500FC7CD4 /* Info.plist */ = {isa = PBXFileReference; lastKnownFileType = text.plist.xml; path = Info.plist; sourceTree = "<group>"; };
		A29A18ED26071A3600710943 /* StorytellerTests.xctest */ = {isa = PBXFileReference; explicitFileType = wrapper.cfbundle; includeInIndex = 0; path = StorytellerTests.xctest; sourceTree = BUILT_PRODUCTS_DIR; };
		A29A18EF26071A3700710943 /* StorytellerTests.swift */ = {isa = PBXFileReference; lastKnownFileType = sourcecode.swift; path = StorytellerTests.swift; sourceTree = "<group>"; };
		A29A18F126071A3700710943 /* Info.plist */ = {isa = PBXFileReference; lastKnownFileType = text.plist.xml; path = Info.plist; sourceTree = "<group>"; };
		A29A19202607237100710943 /* Scene.swift */ = {isa = PBXFileReference; lastKnownFileType = sourcecode.swift; path = Scene.swift; sourceTree = "<group>"; };
		A29A19222607237100710943 /* Project.swift */ = {isa = PBXFileReference; lastKnownFileType = sourcecode.swift; path = Project.swift; sourceTree = "<group>"; };
		A29A19232607237100710943 /* ShotLabel.swift */ = {isa = PBXFileReference; lastKnownFileType = sourcecode.swift; path = ShotLabel.swift; sourceTree = "<group>"; };
		A29A19242607237100710943 /* ProjectLabel.swift */ = {isa = PBXFileReference; lastKnownFileType = sourcecode.swift; path = ProjectLabel.swift; sourceTree = "<group>"; };
		A29A19252607237100710943 /* SceneLabel.swift */ = {isa = PBXFileReference; lastKnownFileType = sourcecode.swift; path = SceneLabel.swift; sourceTree = "<group>"; };
		A29A19272607237100710943 /* ModelManager.swift */ = {isa = PBXFileReference; lastKnownFileType = sourcecode.swift; path = ModelManager.swift; sourceTree = "<group>"; };
		A29A19282607237100710943 /* Layer.swift */ = {isa = PBXFileReference; lastKnownFileType = sourcecode.swift; path = Layer.swift; sourceTree = "<group>"; };
		A29A19292607237100710943 /* Shot.swift */ = {isa = PBXFileReference; lastKnownFileType = sourcecode.swift; path = Shot.swift; sourceTree = "<group>"; };
		A29A192C2607239E00710943 /* StorageManager.swift */ = {isa = PBXFileReference; fileEncoding = 4; lastKnownFileType = sourcecode.swift; path = StorageManager.swift; sourceTree = "<group>"; };
		A29A192E2607239E00710943 /* StorageUtility.swift */ = {isa = PBXFileReference; fileEncoding = 4; lastKnownFileType = sourcecode.swift; path = StorageUtility.swift; sourceTree = "<group>"; };
		A2F2C8952607634800FD4FF6 /* AddShotViewCell.swift */ = {isa = PBXFileReference; lastKnownFileType = sourcecode.swift; path = AddShotViewCell.swift; sourceTree = "<group>"; };
		A2F2C899260768E900FD4FF6 /* Color.swift */ = {isa = PBXFileReference; lastKnownFileType = sourcecode.swift; path = Color.swift; sourceTree = "<group>"; };
		B30AA8582610C3B5008B6714 /* StorageProject.swift */ = {isa = PBXFileReference; lastKnownFileType = sourcecode.swift; path = StorageProject.swift; sourceTree = "<group>"; };
		B30AA85C2610C3D7008B6714 /* StorageScene.swift */ = {isa = PBXFileReference; lastKnownFileType = sourcecode.swift; path = StorageScene.swift; sourceTree = "<group>"; };
		B30AA8602610C3F7008B6714 /* StorageShot.swift */ = {isa = PBXFileReference; lastKnownFileType = sourcecode.swift; path = StorageShot.swift; sourceTree = "<group>"; };
		B30AA8652610C419008B6714 /* StorageLayer.swift */ = {isa = PBXFileReference; lastKnownFileType = sourcecode.swift; path = StorageLayer.swift; sourceTree = "<group>"; };
		B30AA8802610C544008B6714 /* DrawingComponent.swift */ = {isa = PBXFileReference; lastKnownFileType = sourcecode.swift; path = DrawingComponent.swift; sourceTree = "<group>"; };
		B30AA88F2610D384008B6714 /* UIImage+mergeWith.swift */ = {isa = PBXFileReference; lastKnownFileType = sourcecode.swift; path = "UIImage+mergeWith.swift"; sourceTree = "<group>"; };
		B31A650D2618201900F532AF /* CGAffineTransform+transformedAround.swift */ = {isa = PBXFileReference; lastKnownFileType = sourcecode.swift; path = "CGAffineTransform+transformedAround.swift"; sourceTree = "<group>"; };
		B3320D1D260F6AB20063558A /* LayerMerger.swift */ = {isa = PBXFileReference; lastKnownFileType = sourcecode.swift; path = LayerMerger.swift; sourceTree = "<group>"; };
		B3320D21260F6BA10063558A /* NormalLayerMerger.swift */ = {isa = PBXFileReference; lastKnownFileType = sourcecode.swift; path = NormalLayerMerger.swift; sourceTree = "<group>"; };
		B3320D61260F92330063558A /* LayerComponent.swift */ = {isa = PBXFileReference; lastKnownFileType = sourcecode.swift; path = LayerComponent.swift; sourceTree = "<group>"; };
		B3440872262B0076009F3CC0 /* ImageLayerView.swift */ = {isa = PBXFileReference; lastKnownFileType = sourcecode.swift; path = ImageLayerView.swift; sourceTree = "<group>"; };
		B3440877262B61AD009F3CC0 /* CGSize+rectAtOrigin.swift */ = {isa = PBXFileReference; lastKnownFileType = sourcecode.swift; path = "CGSize+rectAtOrigin.swift"; sourceTree = "<group>"; };
		B34A84512617AC0000A3185A /* UIView+asImage.swift */ = {isa = PBXFileReference; lastKnownFileType = sourcecode.swift; path = "UIView+asImage.swift"; sourceTree = "<group>"; };
		B34A84552617AC6D00A3185A /* ImageMerger.swift */ = {isa = PBXFileReference; lastKnownFileType = sourcecode.swift; path = ImageMerger.swift; sourceTree = "<group>"; };
		B35115B926123B510056886C /* UIView+newPointInView.swift */ = {isa = PBXFileReference; lastKnownFileType = sourcecode.swift; path = "UIView+newPointInView.swift"; sourceTree = "<group>"; };
		B35115BF261341980056886C /* UIView+setAnchorPoint.swift */ = {isa = PBXFileReference; lastKnownFileType = sourcecode.swift; path = "UIView+setAnchorPoint.swift"; sourceTree = "<group>"; };
		B35115D12613790F0056886C /* EditingMode.swift */ = {isa = PBXFileReference; lastKnownFileType = sourcecode.swift; path = EditingMode.swift; sourceTree = "<group>"; };
		B35115D526137BE20056886C /* LayerTableController.swift */ = {isa = PBXFileReference; lastKnownFileType = sourcecode.swift; path = LayerTableController.swift; sourceTree = "<group>"; };
		B35830552615F0C000824C55 /* LayerTableViewCell.swift */ = {isa = PBXFileReference; lastKnownFileType = sourcecode.swift; path = LayerTableViewCell.swift; sourceTree = "<group>"; };
		B358305B2615F57500824C55 /* LayerLockButton.swift */ = {isa = PBXFileReference; lastKnownFileType = sourcecode.swift; path = LayerLockButton.swift; sourceTree = "<group>"; };
		B358305F2615F5E200824C55 /* LayerVisibilityButton.swift */ = {isa = PBXFileReference; lastKnownFileType = sourcecode.swift; path = LayerVisibilityButton.swift; sourceTree = "<group>"; };
		B35FA28726143B7900D656E3 /* UIImage+solidImage.swift */ = {isa = PBXFileReference; lastKnownFileType = sourcecode.swift; path = "UIImage+solidImage.swift"; sourceTree = "<group>"; };
		B35FA29326143FA400D656E3 /* SelectableView.swift */ = {isa = PBXFileReference; lastKnownFileType = sourcecode.swift; path = SelectableView.swift; sourceTree = "<group>"; };
		B35FA2972614401C00D656E3 /* TransformLayerButton.swift */ = {isa = PBXFileReference; lastKnownFileType = sourcecode.swift; path = TransformLayerButton.swift; sourceTree = "<group>"; };
		B35FA2B72614A84900D656E3 /* CompositeComponent.swift */ = {isa = PBXFileReference; fileEncoding = 4; lastKnownFileType = sourcecode.swift; path = CompositeComponent.swift; sourceTree = "<group>"; };
		B35FA2BB2614AB7100D656E3 /* StorageLayerComponent.swift */ = {isa = PBXFileReference; lastKnownFileType = sourcecode.swift; path = StorageLayerComponent.swift; sourceTree = "<group>"; };
		B35FA2C32614C22A00D656E3 /* Transformable.swift */ = {isa = PBXFileReference; lastKnownFileType = sourcecode.swift; path = Transformable.swift; sourceTree = "<group>"; };
		B3755AA12605F21400EC0F56 /* LayerView.swift */ = {isa = PBXFileReference; lastKnownFileType = sourcecode.swift; path = LayerView.swift; sourceTree = "<group>"; };
		B3755AAA26062B9700EC0F56 /* ShotDesignerViewController.swift */ = {isa = PBXFileReference; lastKnownFileType = sourcecode.swift; path = ShotDesignerViewController.swift; sourceTree = "<group>"; };
		B3755AB2260643C000EC0F56 /* Constants.swift */ = {isa = PBXFileReference; lastKnownFileType = sourcecode.swift; path = Constants.swift; sourceTree = "<group>"; };
		B3755AB82606454900EC0F56 /* ShotView.swift */ = {isa = PBXFileReference; lastKnownFileType = sourcecode.swift; path = ShotView.swift; sourceTree = "<group>"; };
		B3755AD526065C0700EC0F56 /* DrawingUtility.swift */ = {isa = PBXFileReference; lastKnownFileType = sourcecode.swift; path = DrawingUtility.swift; sourceTree = "<group>"; };
		B3878B872629BBB100DEDE1A /* ImageComponent.swift */ = {isa = PBXFileReference; lastKnownFileType = sourcecode.swift; path = ImageComponent.swift; sourceTree = "<group>"; };
		B3C7BF97262C101F0005F159 /* UIImage+scaleToFit.swift */ = {isa = PBXFileReference; lastKnownFileType = sourcecode.swift; path = "UIImage+scaleToFit.swift"; sourceTree = "<group>"; };
		B3C7BFA1262C21430005F159 /* RedOnionSkinMerger.swift */ = {isa = PBXFileReference; lastKnownFileType = sourcecode.swift; path = RedOnionSkinMerger.swift; sourceTree = "<group>"; };
		B3C7BFA5262C217C0005F159 /* PKDrawing+redOnionSkin.swift */ = {isa = PBXFileReference; lastKnownFileType = sourcecode.swift; path = "PKDrawing+redOnionSkin.swift"; sourceTree = "<group>"; };
		B3C7BFB1262C24E50005F159 /* GreenOnionSkinMerger.swift */ = {isa = PBXFileReference; lastKnownFileType = sourcecode.swift; path = GreenOnionSkinMerger.swift; sourceTree = "<group>"; };
		B3C7BFB5262C29930005F159 /* OnionSkinRange.swift */ = {isa = PBXFileReference; lastKnownFileType = sourcecode.swift; path = OnionSkinRange.swift; sourceTree = "<group>"; };
		B3C7BFB9262C393A0005F159 /* Thumbnail.swift */ = {isa = PBXFileReference; lastKnownFileType = sourcecode.swift; path = Thumbnail.swift; sourceTree = "<group>"; };
		B3C7BFBF262C3C8B0005F159 /* ThumbnailMerger.swift */ = {isa = PBXFileReference; lastKnownFileType = sourcecode.swift; path = ThumbnailMerger.swift; sourceTree = "<group>"; };
		B3C7BFC3262C3F3A0005F159 /* Thumbnailable.swift */ = {isa = PBXFileReference; lastKnownFileType = sourcecode.swift; path = Thumbnailable.swift; sourceTree = "<group>"; };
		B3D7AD522615A1280082D591 /* DrawingLayerView.swift */ = {isa = PBXFileReference; lastKnownFileType = sourcecode.swift; path = DrawingLayerView.swift; sourceTree = "<group>"; };
		B3D7AD602615A54C0082D591 /* CompositeLayerView.swift */ = {isa = PBXFileReference; lastKnownFileType = sourcecode.swift; path = CompositeLayerView.swift; sourceTree = "<group>"; };
		B3D7AD6A2615B4C30082D591 /* UIView+showBorder.swift */ = {isa = PBXFileReference; lastKnownFileType = sourcecode.swift; path = "UIView+showBorder.swift"; sourceTree = "<group>"; };
		B3E18FFF261620F0003C7AEF /* DrawingModeButton.swift */ = {isa = PBXFileReference; lastKnownFileType = sourcecode.swift; path = DrawingModeButton.swift; sourceTree = "<group>"; };
		B3E190032616219C003C7AEF /* ShotDesignerButton.swift */ = {isa = PBXFileReference; lastKnownFileType = sourcecode.swift; path = ShotDesignerButton.swift; sourceTree = "<group>"; };
		B3FB29052617680100DC4BEE /* Alert.swift */ = {isa = PBXFileReference; lastKnownFileType = sourcecode.swift; path = Alert.swift; sourceTree = "<group>"; };
/* End PBXFileReference section */

/* Begin PBXFrameworksBuildPhase section */
		A24F62EF2600CC7300FC7CD4 /* Frameworks */ = {
			isa = PBXFrameworksBuildPhase;
			buildActionMask = 2147483647;
			files = (
			);
			runOnlyForDeploymentPostprocessing = 0;
		};
		A29A18EA26071A3600710943 /* Frameworks */ = {
			isa = PBXFrameworksBuildPhase;
			buildActionMask = 2147483647;
			files = (
			);
			runOnlyForDeploymentPostprocessing = 0;
		};
/* End PBXFrameworksBuildPhase section */

/* Begin PBXGroup section */
		A20915812606FE51001A242E /* Project */ = {
			isa = PBXGroup;
			children = (
				A209157E2606FE3F001A242E /* ProjectViewController.swift */,
				A209158F260705EB001A242E /* ProjectViewCell.swift */,
			);
			path = Project;
			sourceTree = "<group>";
		};
		A2091583260703B0001A242E /* Scene */ = {
			isa = PBXGroup;
			children = (
				A2091584260703D1001A242E /* SceneViewController.swift */,
				A209158826070553001A242E /* SceneHeaderView.swift */,
				A209158B26070595001A242E /* SceneShotViewCell.swift */,
				A2F2C8952607634800FD4FF6 /* AddShotViewCell.swift */,
			);
			path = Scene;
			sourceTree = "<group>";
		};
		A24F62E92600CC7300FC7CD4 = {
			isa = PBXGroup;
			children = (
				A24F62F42600CC7300FC7CD4 /* Storyteller */,
				A29A18EE26071A3600710943 /* StorytellerTests */,
				A24F62F32600CC7300FC7CD4 /* Products */,
			);
			sourceTree = "<group>";
		};
		A24F62F32600CC7300FC7CD4 /* Products */ = {
			isa = PBXGroup;
			children = (
				A24F62F22600CC7300FC7CD4 /* Storyteller.app */,
				A29A18ED26071A3600710943 /* StorytellerTests.xctest */,
			);
			name = Products;
			sourceTree = "<group>";
		};
		A24F62F42600CC7300FC7CD4 /* Storyteller */ = {
			isa = PBXGroup;
			children = (
				B36F0C27261435C200BB697F /* Extensions */,
				A29A192B2607239E00710943 /* Storage */,
				A29A192A2607237100710943 /* Model */,
				B3755AA826062B7500EC0F56 /* Drawing */,
				A20915812606FE51001A242E /* Project */,
				A2091583260703B0001A242E /* Scene */,
				A24F630C2600CC8D00FC7CD4 /* Constants and Utility */,
				A24F62F52600CC7300FC7CD4 /* AppDelegate.swift */,
				A24F62F72600CC7300FC7CD4 /* SceneDelegate.swift */,
				A24F62FB2600CC7300FC7CD4 /* Main.storyboard */,
				A24F62FE2600CC7500FC7CD4 /* Assets.xcassets */,
				A24F63002600CC7500FC7CD4 /* LaunchScreen.storyboard */,
				A24F63032600CC7500FC7CD4 /* Info.plist */,
			);
			path = Storyteller;
			sourceTree = "<group>";
		};
		A24F630C2600CC8D00FC7CD4 /* Constants and Utility */ = {
			isa = PBXGroup;
			children = (
				B3FB29052617680100DC4BEE /* Alert.swift */,
				B3755AB2260643C000EC0F56 /* Constants.swift */,
			);
			path = "Constants and Utility";
			sourceTree = "<group>";
		};
		A29A18EE26071A3600710943 /* StorytellerTests */ = {
			isa = PBXGroup;
			children = (
				A29A18EF26071A3700710943 /* StorytellerTests.swift */,
				A29A18F126071A3700710943 /* Info.plist */,
			);
			path = StorytellerTests;
			sourceTree = "<group>";
		};
		A29A19262607237100710943 /* Index */ = {
			isa = PBXGroup;
			children = (
				A29A19242607237100710943 /* ProjectLabel.swift */,
				A29A19252607237100710943 /* SceneLabel.swift */,
				89F207E2260F1E1B00D5A78F /* LayerLabel.swift */,
				A29A19232607237100710943 /* ShotLabel.swift */,
			);
			path = Index;
			sourceTree = "<group>";
		};
		A29A192A2607237100710943 /* Model */ = {
			isa = PBXGroup;
			children = (
				A29A19262607237100710943 /* Index */,
				A29A19272607237100710943 /* ModelManager.swift */,
				A29A19222607237100710943 /* Project.swift */,
				A29A19202607237100710943 /* Scene.swift */,
				A29A19292607237100710943 /* Shot.swift */,
				2C36EC732607383700250ADE /* Color.swift */,
				B3320D58260F921C0063558A /* Layer */,
				A2F2C899260768E900FD4FF6 /* Color.swift */,
			);
			path = Model;
			sourceTree = "<group>";
		};
		A29A192B2607239E00710943 /* Storage */ = {
			isa = PBXGroup;
			children = (
				B33549552610B0B400B881ED /* StorageModel */,
				A29A192C2607239E00710943 /* StorageManager.swift */,
				A29A192E2607239E00710943 /* StorageUtility.swift */,
			);
			name = Storage;
			path = Storyteller/Storage;
			sourceTree = SOURCE_ROOT;
		};
		B30AA8792610C4BC008B6714 /* Leaf Component */ = {
			isa = PBXGroup;
			children = (
				B30AA8802610C544008B6714 /* DrawingComponent.swift */,
				B3878B872629BBB100DEDE1A /* ImageComponent.swift */,
			);
			path = "Leaf Component";
			sourceTree = "<group>";
		};
		B3320D58260F921C0063558A /* Layer */ = {
			isa = PBXGroup;
			children = (
				A29A19282607237100710943 /* Layer.swift */,
				B3C7BFB9262C393A0005F159 /* Thumbnail.swift */,
				B3C7BFC3262C3F3A0005F159 /* Thumbnailable.swift */,
				B3C4B32C2611F307007BE693 /* Layer Component */,
				B3C4B32D2611F317007BE693 /* Layer Merger */,
			);
			path = Layer;
			sourceTree = "<group>";
		};
		B33549552610B0B400B881ED /* StorageModel */ = {
			isa = PBXGroup;
			children = (
				B30AA8582610C3B5008B6714 /* StorageProject.swift */,
				B30AA85C2610C3D7008B6714 /* StorageScene.swift */,
				B30AA8602610C3F7008B6714 /* StorageShot.swift */,
				B30AA8652610C419008B6714 /* StorageLayer.swift */,
				B35FA2BB2614AB7100D656E3 /* StorageLayerComponent.swift */,
			);
			path = StorageModel;
			sourceTree = "<group>";
		};
		B36F0C27261435C200BB697F /* Extensions */ = {
			isa = PBXGroup;
			children = (
				B30AA88F2610D384008B6714 /* UIImage+mergeWith.swift */,
				B35FA28726143B7900D656E3 /* UIImage+solidImage.swift */,
				B3C7BF97262C101F0005F159 /* UIImage+scaleToFit.swift */,
				B35115BF261341980056886C /* UIView+setAnchorPoint.swift */,
				B35115B926123B510056886C /* UIView+newPointInView.swift */,
				B3D7AD6A2615B4C30082D591 /* UIView+showBorder.swift */,
				B34A84512617AC0000A3185A /* UIView+asImage.swift */,
				B3440877262B61AD009F3CC0 /* CGSize+rectAtOrigin.swift */,
				B31A650D2618201900F532AF /* CGAffineTransform+transformedAround.swift */,
				B3C7BFA5262C217C0005F159 /* PKDrawing+redOnionSkin.swift */,
			);
			path = Extensions;
			sourceTree = "<group>";
		};
		B3755AA826062B7500EC0F56 /* Drawing */ = {
			isa = PBXGroup;
			children = (
				B35FA29326143FA400D656E3 /* SelectableView.swift */,
				B3E18FF926161FFE003C7AEF /* Shot Designer */,
				B3E18FF626161FBA003C7AEF /* Layer Table */,
				B3755AD526065C0700EC0F56 /* DrawingUtility.swift */,
			);
			path = Drawing;
			sourceTree = "<group>";
		};
		B3C4B32C2611F307007BE693 /* Layer Component */ = {
			isa = PBXGroup;
			children = (
				B35FA2C32614C22A00D656E3 /* Transformable.swift */,
				B3320D61260F92330063558A /* LayerComponent.swift */,
				B35FA2B72614A84900D656E3 /* CompositeComponent.swift */,
				B30AA8792610C4BC008B6714 /* Leaf Component */,
			);
			path = "Layer Component";
			sourceTree = "<group>";
		};
		B3C4B32D2611F317007BE693 /* Layer Merger */ = {
			isa = PBXGroup;
			children = (
				B3320D1D260F6AB20063558A /* LayerMerger.swift */,
				B3320D21260F6BA10063558A /* NormalLayerMerger.swift */,
				B3C7BFBF262C3C8B0005F159 /* ThumbnailMerger.swift */,
				B34A84552617AC6D00A3185A /* ImageMerger.swift */,
				B3C7BFA1262C21430005F159 /* RedOnionSkinMerger.swift */,
				B3C7BFB1262C24E50005F159 /* GreenOnionSkinMerger.swift */,
			);
			path = "Layer Merger";
			sourceTree = "<group>";
		};
		B3D7AD692615B3640082D591 /* View */ = {
			isa = PBXGroup;
			children = (
				B3755AB82606454900EC0F56 /* ShotView.swift */,
				B3755AA12605F21400EC0F56 /* LayerView.swift */,
				B3D7AD522615A1280082D591 /* DrawingLayerView.swift */,
				B3440872262B0076009F3CC0 /* ImageLayerView.swift */,
				B3D7AD602615A54C0082D591 /* CompositeLayerView.swift */,
				B3E18FFC26162034003C7AEF /* Button */,
			);
			path = View;
			sourceTree = "<group>";
		};
		B3E18FF626161FBA003C7AEF /* Layer Table */ = {
			isa = PBXGroup;
			children = (
				B35115D526137BE20056886C /* LayerTableController.swift */,
				B3E18FF726161FCE003C7AEF /* View */,
			);
			path = "Layer Table";
			sourceTree = "<group>";
		};
		B3E18FF726161FCE003C7AEF /* View */ = {
			isa = PBXGroup;
			children = (
				B35830552615F0C000824C55 /* LayerTableViewCell.swift */,
				B3E18FF826161FE0003C7AEF /* Button */,
			);
			path = View;
			sourceTree = "<group>";
		};
		B3E18FF826161FE0003C7AEF /* Button */ = {
			isa = PBXGroup;
			children = (
				B358305B2615F57500824C55 /* LayerLockButton.swift */,
				B358305F2615F5E200824C55 /* LayerVisibilityButton.swift */,
			);
			path = Button;
			sourceTree = "<group>";
		};
		B3E18FF926161FFE003C7AEF /* Shot Designer */ = {
			isa = PBXGroup;
			children = (
				B35115D12613790F0056886C /* EditingMode.swift */,
				B3C7BFB5262C29930005F159 /* OnionSkinRange.swift */,
				B3755AAA26062B9700EC0F56 /* ShotDesignerViewController.swift */,
				B3D7AD692615B3640082D591 /* View */,
			);
			path = "Shot Designer";
			sourceTree = "<group>";
		};
		B3E18FFC26162034003C7AEF /* Button */ = {
			isa = PBXGroup;
			children = (
				B3E190032616219C003C7AEF /* ShotDesignerButton.swift */,
				B35FA2972614401C00D656E3 /* TransformLayerButton.swift */,
				B3E18FFF261620F0003C7AEF /* DrawingModeButton.swift */,
			);
			path = Button;
			sourceTree = "<group>";
		};
/* End PBXGroup section */

/* Begin PBXNativeTarget section */
		A24F62F12600CC7300FC7CD4 /* Storyteller */ = {
			isa = PBXNativeTarget;
			buildConfigurationList = A24F63062600CC7500FC7CD4 /* Build configuration list for PBXNativeTarget "Storyteller" */;
			buildPhases = (
				A24F62EE2600CC7300FC7CD4 /* Sources */,
				A24F62EF2600CC7300FC7CD4 /* Frameworks */,
				A24F62F02600CC7300FC7CD4 /* Resources */,
				B3320D12260F640E0063558A /* ShellScript */,
			);
			buildRules = (
			);
			dependencies = (
			);
			name = Storyteller;
			productName = Storyteller;
			productReference = A24F62F22600CC7300FC7CD4 /* Storyteller.app */;
			productType = "com.apple.product-type.application";
		};
		A29A18EC26071A3600710943 /* StorytellerTests */ = {
			isa = PBXNativeTarget;
			buildConfigurationList = A29A18F426071A3700710943 /* Build configuration list for PBXNativeTarget "StorytellerTests" */;
			buildPhases = (
				A29A18E926071A3600710943 /* Sources */,
				A29A18EA26071A3600710943 /* Frameworks */,
				A29A18EB26071A3600710943 /* Resources */,
			);
			buildRules = (
			);
			dependencies = (
				A29A18F326071A3700710943 /* PBXTargetDependency */,
			);
			name = StorytellerTests;
			productName = StorytellerTests;
			productReference = A29A18ED26071A3600710943 /* StorytellerTests.xctest */;
			productType = "com.apple.product-type.bundle.unit-test";
		};
/* End PBXNativeTarget section */

/* Begin PBXProject section */
		A24F62EA2600CC7300FC7CD4 /* Project object */ = {
			isa = PBXProject;
			attributes = {
				LastSwiftUpdateCheck = 1240;
				LastUpgradeCheck = 1240;
				TargetAttributes = {
					A24F62F12600CC7300FC7CD4 = {
						CreatedOnToolsVersion = 12.4;
					};
					A29A18EC26071A3600710943 = {
						CreatedOnToolsVersion = 12.4;
						TestTargetID = A24F62F12600CC7300FC7CD4;
					};
				};
			};
			buildConfigurationList = A24F62ED2600CC7300FC7CD4 /* Build configuration list for PBXProject "Storyteller" */;
			compatibilityVersion = "Xcode 9.3";
			developmentRegion = en;
			hasScannedForEncodings = 0;
			knownRegions = (
				en,
				Base,
			);
			mainGroup = A24F62E92600CC7300FC7CD4;
			productRefGroup = A24F62F32600CC7300FC7CD4 /* Products */;
			projectDirPath = "";
			projectRoot = "";
			targets = (
				A24F62F12600CC7300FC7CD4 /* Storyteller */,
				A29A18EC26071A3600710943 /* StorytellerTests */,
			);
		};
/* End PBXProject section */

/* Begin PBXResourcesBuildPhase section */
		A24F62F02600CC7300FC7CD4 /* Resources */ = {
			isa = PBXResourcesBuildPhase;
			buildActionMask = 2147483647;
			files = (
				A24F63022600CC7500FC7CD4 /* LaunchScreen.storyboard in Resources */,
				A24F62FF2600CC7500FC7CD4 /* Assets.xcassets in Resources */,
				A24F62FD2600CC7300FC7CD4 /* Main.storyboard in Resources */,
			);
			runOnlyForDeploymentPostprocessing = 0;
		};
		A29A18EB26071A3600710943 /* Resources */ = {
			isa = PBXResourcesBuildPhase;
			buildActionMask = 2147483647;
			files = (
			);
			runOnlyForDeploymentPostprocessing = 0;
		};
/* End PBXResourcesBuildPhase section */

/* Begin PBXShellScriptBuildPhase section */
		B3320D12260F640E0063558A /* ShellScript */ = {
			isa = PBXShellScriptBuildPhase;
			buildActionMask = 2147483647;
			files = (
			);
			inputFileListPaths = (
			);
			inputPaths = (
			);
			outputFileListPaths = (
			);
			outputPaths = (
			);
			runOnlyForDeploymentPostprocessing = 0;
			shellPath = /bin/sh;
			shellScript = "if which swiftlint >/dev/null; then\n  swiftlint\nelse\n  echo \"warning: SwiftLint not installed, download from https://github.com/realm/SwiftLint\"\nfi\n";
		};
/* End PBXShellScriptBuildPhase section */

/* Begin PBXSourcesBuildPhase section */
		A24F62EE2600CC7300FC7CD4 /* Sources */ = {
			isa = PBXSourcesBuildPhase;
			buildActionMask = 2147483647;
			files = (
				B3D7AD612615A54C0082D591 /* CompositeLayerView.swift in Sources */,
				B30AA85D2610C3D7008B6714 /* StorageScene.swift in Sources */,
				B3440873262B0076009F3CC0 /* ImageLayerView.swift in Sources */,
				A29A19642607243E00710943 /* ShotLabel.swift in Sources */,
				B3C7BFA6262C217C0005F159 /* PKDrawing+redOnionSkin.swift in Sources */,
				B34A84562617AC6D00A3185A /* ImageMerger.swift in Sources */,
				A209158C26070595001A242E /* SceneShotViewCell.swift in Sources */,
				A2091585260703D1001A242E /* SceneViewController.swift in Sources */,
				B3755AAB26062B9700EC0F56 /* ShotDesignerViewController.swift in Sources */,
				B3C7BFA2262C21430005F159 /* RedOnionSkinMerger.swift in Sources */,
				B35FA2982614401C00D656E3 /* TransformLayerButton.swift in Sources */,
				A29A19582607242800710943 /* Shot.swift in Sources */,
				B3FB29062617680100DC4BEE /* Alert.swift in Sources */,
				A29A19302607239E00710943 /* StorageManager.swift in Sources */,
				B35830562615F0C000824C55 /* LayerTableViewCell.swift in Sources */,
				B3D7AD532615A1280082D591 /* DrawingLayerView.swift in Sources */,
				B35115C0261341980056886C /* UIView+setAnchorPoint.swift in Sources */,
				B35115D22613790F0056886C /* EditingMode.swift in Sources */,
				B30AA8592610C3B5008B6714 /* StorageProject.swift in Sources */,
				B3C7BFC0262C3C8B0005F159 /* ThumbnailMerger.swift in Sources */,
				B35FA2B82614A84900D656E3 /* CompositeComponent.swift in Sources */,
				A29A19552607242600710943 /* Layer.swift in Sources */,
				B31A650E2618201900F532AF /* CGAffineTransform+transformedAround.swift in Sources */,
				B3E190042616219C003C7AEF /* ShotDesignerButton.swift in Sources */,
				A209158926070553001A242E /* SceneHeaderView.swift in Sources */,
				B35FA29426143FA400D656E3 /* SelectableView.swift in Sources */,
				A29A19522607242000710943 /* ModelManager.swift in Sources */,
				B3878B882629BBB100DEDE1A /* ImageComponent.swift in Sources */,
				B35115D626137BE20056886C /* LayerTableController.swift in Sources */,
				B35FA28826143B7900D656E3 /* UIImage+solidImage.swift in Sources */,
				B3755AB92606454900EC0F56 /* ShotView.swift in Sources */,
				A2091590260705EB001A242E /* ProjectViewCell.swift in Sources */,
				B35FA2C42614C22A00D656E3 /* Transformable.swift in Sources */,
				B3C7BFBA262C393A0005F159 /* Thumbnail.swift in Sources */,
				B3C7BFB2262C24E50005F159 /* GreenOnionSkinMerger.swift in Sources */,
				A29A195B2607243300710943 /* Scene.swift in Sources */,
				89F207E3260F1E1B00D5A78F /* LayerLabel.swift in Sources */,
				A29A19322607239E00710943 /* StorageUtility.swift in Sources */,
				A2F2C8962607634800FD4FF6 /* AddShotViewCell.swift in Sources */,
				B3C7BFB6262C29930005F159 /* OnionSkinRange.swift in Sources */,
				A29A19612607243800710943 /* Project.swift in Sources */,
				B3440878262B61AD009F3CC0 /* CGSize+rectAtOrigin.swift in Sources */,
				B3C7BFC4262C3F3A0005F159 /* Thumbnailable.swift in Sources */,
				B3320D22260F6BA10063558A /* NormalLayerMerger.swift in Sources */,
				A2F2C89A260768E900FD4FF6 /* Color.swift in Sources */,
				B34A84522617AC0000A3185A /* UIView+asImage.swift in Sources */,
				B30AA8662610C419008B6714 /* StorageLayer.swift in Sources */,
				B35115BA26123B510056886C /* UIView+newPointInView.swift in Sources */,
				B358305C2615F57500824C55 /* LayerLockButton.swift in Sources */,
				A24F62F62600CC7300FC7CD4 /* AppDelegate.swift in Sources */,
				A29A19672607244000710943 /* ProjectLabel.swift in Sources */,
				2C36EC742607383700250ADE /* Color.swift in Sources */,
				B3755AA22605F21400EC0F56 /* LayerView.swift in Sources */,
				A29A196A2607244200710943 /* SceneLabel.swift in Sources */,
				B35FA2BC2614AB7100D656E3 /* StorageLayerComponent.swift in Sources */,
				A24F62F82600CC7300FC7CD4 /* SceneDelegate.swift in Sources */,
				B30AA8902610D384008B6714 /* UIImage+mergeWith.swift in Sources */,
				B30AA8612610C3F7008B6714 /* StorageShot.swift in Sources */,
				B3320D1E260F6AB20063558A /* LayerMerger.swift in Sources */,
				B3755AB3260643C000EC0F56 /* Constants.swift in Sources */,
				B3320D62260F92330063558A /* LayerComponent.swift in Sources */,
				A209157F2606FE3F001A242E /* ProjectViewController.swift in Sources */,
				B3D7AD6B2615B4C30082D591 /* UIView+showBorder.swift in Sources */,
				B3C7BF98262C101F0005F159 /* UIImage+scaleToFit.swift in Sources */,
				B30AA8812610C544008B6714 /* DrawingComponent.swift in Sources */,
				B3E19000261620F0003C7AEF /* DrawingModeButton.swift in Sources */,
				B3755AD626065C0700EC0F56 /* DrawingUtility.swift in Sources */,
				B35830602615F5E200824C55 /* LayerVisibilityButton.swift in Sources */,
			);
			runOnlyForDeploymentPostprocessing = 0;
		};
		A29A18E926071A3600710943 /* Sources */ = {
			isa = PBXSourcesBuildPhase;
			buildActionMask = 2147483647;
			files = (
				A29A18F026071A3700710943 /* StorytellerTests.swift in Sources */,
			);
			runOnlyForDeploymentPostprocessing = 0;
		};
/* End PBXSourcesBuildPhase section */

/* Begin PBXTargetDependency section */
		A29A18F326071A3700710943 /* PBXTargetDependency */ = {
			isa = PBXTargetDependency;
			target = A24F62F12600CC7300FC7CD4 /* Storyteller */;
			targetProxy = A29A18F226071A3700710943 /* PBXContainerItemProxy */;
		};
/* End PBXTargetDependency section */

/* Begin PBXVariantGroup section */
		A24F62FB2600CC7300FC7CD4 /* Main.storyboard */ = {
			isa = PBXVariantGroup;
			children = (
				A24F62FC2600CC7300FC7CD4 /* Base */,
			);
			name = Main.storyboard;
			sourceTree = "<group>";
		};
		A24F63002600CC7500FC7CD4 /* LaunchScreen.storyboard */ = {
			isa = PBXVariantGroup;
			children = (
				A24F63012600CC7500FC7CD4 /* Base */,
			);
			name = LaunchScreen.storyboard;
			sourceTree = "<group>";
		};
/* End PBXVariantGroup section */

/* Begin XCBuildConfiguration section */
		A24F63042600CC7500FC7CD4 /* Debug */ = {
			isa = XCBuildConfiguration;
			buildSettings = {
				ALWAYS_SEARCH_USER_PATHS = NO;
				CLANG_ANALYZER_NONNULL = YES;
				CLANG_ANALYZER_NUMBER_OBJECT_CONVERSION = YES_AGGRESSIVE;
				CLANG_CXX_LANGUAGE_STANDARD = "gnu++14";
				CLANG_CXX_LIBRARY = "libc++";
				CLANG_ENABLE_MODULES = YES;
				CLANG_ENABLE_OBJC_ARC = YES;
				CLANG_ENABLE_OBJC_WEAK = YES;
				CLANG_WARN_BLOCK_CAPTURE_AUTORELEASING = YES;
				CLANG_WARN_BOOL_CONVERSION = YES;
				CLANG_WARN_COMMA = YES;
				CLANG_WARN_CONSTANT_CONVERSION = YES;
				CLANG_WARN_DEPRECATED_OBJC_IMPLEMENTATIONS = YES;
				CLANG_WARN_DIRECT_OBJC_ISA_USAGE = YES_ERROR;
				CLANG_WARN_DOCUMENTATION_COMMENTS = YES;
				CLANG_WARN_EMPTY_BODY = YES;
				CLANG_WARN_ENUM_CONVERSION = YES;
				CLANG_WARN_INFINITE_RECURSION = YES;
				CLANG_WARN_INT_CONVERSION = YES;
				CLANG_WARN_NON_LITERAL_NULL_CONVERSION = YES;
				CLANG_WARN_OBJC_IMPLICIT_RETAIN_SELF = YES;
				CLANG_WARN_OBJC_LITERAL_CONVERSION = YES;
				CLANG_WARN_OBJC_ROOT_CLASS = YES_ERROR;
				CLANG_WARN_QUOTED_INCLUDE_IN_FRAMEWORK_HEADER = YES;
				CLANG_WARN_RANGE_LOOP_ANALYSIS = YES;
				CLANG_WARN_STRICT_PROTOTYPES = YES;
				CLANG_WARN_SUSPICIOUS_MOVE = YES;
				CLANG_WARN_UNGUARDED_AVAILABILITY = YES_AGGRESSIVE;
				CLANG_WARN_UNREACHABLE_CODE = YES;
				CLANG_WARN__DUPLICATE_METHOD_MATCH = YES;
				COPY_PHASE_STRIP = NO;
				DEBUG_INFORMATION_FORMAT = dwarf;
				ENABLE_STRICT_OBJC_MSGSEND = YES;
				ENABLE_TESTABILITY = YES;
				GCC_C_LANGUAGE_STANDARD = gnu11;
				GCC_DYNAMIC_NO_PIC = NO;
				GCC_NO_COMMON_BLOCKS = YES;
				GCC_OPTIMIZATION_LEVEL = 0;
				GCC_PREPROCESSOR_DEFINITIONS = (
					"DEBUG=1",
					"$(inherited)",
				);
				GCC_WARN_64_TO_32_BIT_CONVERSION = YES;
				GCC_WARN_ABOUT_RETURN_TYPE = YES_ERROR;
				GCC_WARN_UNDECLARED_SELECTOR = YES;
				GCC_WARN_UNINITIALIZED_AUTOS = YES_AGGRESSIVE;
				GCC_WARN_UNUSED_FUNCTION = YES;
				GCC_WARN_UNUSED_VARIABLE = YES;
				IPHONEOS_DEPLOYMENT_TARGET = 14.4;
				MTL_ENABLE_DEBUG_INFO = INCLUDE_SOURCE;
				MTL_FAST_MATH = YES;
				ONLY_ACTIVE_ARCH = YES;
				SDKROOT = iphoneos;
				SWIFT_ACTIVE_COMPILATION_CONDITIONS = DEBUG;
				SWIFT_OPTIMIZATION_LEVEL = "-Onone";
			};
			name = Debug;
		};
		A24F63052600CC7500FC7CD4 /* Release */ = {
			isa = XCBuildConfiguration;
			buildSettings = {
				ALWAYS_SEARCH_USER_PATHS = NO;
				CLANG_ANALYZER_NONNULL = YES;
				CLANG_ANALYZER_NUMBER_OBJECT_CONVERSION = YES_AGGRESSIVE;
				CLANG_CXX_LANGUAGE_STANDARD = "gnu++14";
				CLANG_CXX_LIBRARY = "libc++";
				CLANG_ENABLE_MODULES = YES;
				CLANG_ENABLE_OBJC_ARC = YES;
				CLANG_ENABLE_OBJC_WEAK = YES;
				CLANG_WARN_BLOCK_CAPTURE_AUTORELEASING = YES;
				CLANG_WARN_BOOL_CONVERSION = YES;
				CLANG_WARN_COMMA = YES;
				CLANG_WARN_CONSTANT_CONVERSION = YES;
				CLANG_WARN_DEPRECATED_OBJC_IMPLEMENTATIONS = YES;
				CLANG_WARN_DIRECT_OBJC_ISA_USAGE = YES_ERROR;
				CLANG_WARN_DOCUMENTATION_COMMENTS = YES;
				CLANG_WARN_EMPTY_BODY = YES;
				CLANG_WARN_ENUM_CONVERSION = YES;
				CLANG_WARN_INFINITE_RECURSION = YES;
				CLANG_WARN_INT_CONVERSION = YES;
				CLANG_WARN_NON_LITERAL_NULL_CONVERSION = YES;
				CLANG_WARN_OBJC_IMPLICIT_RETAIN_SELF = YES;
				CLANG_WARN_OBJC_LITERAL_CONVERSION = YES;
				CLANG_WARN_OBJC_ROOT_CLASS = YES_ERROR;
				CLANG_WARN_QUOTED_INCLUDE_IN_FRAMEWORK_HEADER = YES;
				CLANG_WARN_RANGE_LOOP_ANALYSIS = YES;
				CLANG_WARN_STRICT_PROTOTYPES = YES;
				CLANG_WARN_SUSPICIOUS_MOVE = YES;
				CLANG_WARN_UNGUARDED_AVAILABILITY = YES_AGGRESSIVE;
				CLANG_WARN_UNREACHABLE_CODE = YES;
				CLANG_WARN__DUPLICATE_METHOD_MATCH = YES;
				COPY_PHASE_STRIP = NO;
				DEBUG_INFORMATION_FORMAT = "dwarf-with-dsym";
				ENABLE_NS_ASSERTIONS = NO;
				ENABLE_STRICT_OBJC_MSGSEND = YES;
				GCC_C_LANGUAGE_STANDARD = gnu11;
				GCC_NO_COMMON_BLOCKS = YES;
				GCC_WARN_64_TO_32_BIT_CONVERSION = YES;
				GCC_WARN_ABOUT_RETURN_TYPE = YES_ERROR;
				GCC_WARN_UNDECLARED_SELECTOR = YES;
				GCC_WARN_UNINITIALIZED_AUTOS = YES_AGGRESSIVE;
				GCC_WARN_UNUSED_FUNCTION = YES;
				GCC_WARN_UNUSED_VARIABLE = YES;
				IPHONEOS_DEPLOYMENT_TARGET = 14.4;
				MTL_ENABLE_DEBUG_INFO = NO;
				MTL_FAST_MATH = YES;
				SDKROOT = iphoneos;
				SWIFT_COMPILATION_MODE = wholemodule;
				SWIFT_OPTIMIZATION_LEVEL = "-O";
				VALIDATE_PRODUCT = YES;
			};
			name = Release;
		};
		A24F63072600CC7500FC7CD4 /* Debug */ = {
			isa = XCBuildConfiguration;
			buildSettings = {
				ASSETCATALOG_COMPILER_APPICON_NAME = AppIcon;
				ASSETCATALOG_COMPILER_GLOBAL_ACCENT_COLOR_NAME = AccentColor;
				CODE_SIGN_STYLE = Automatic;
				DEVELOPMENT_TEAM = M3JC2347GD;
				INFOPLIST_FILE = Storyteller/Info.plist;
				LD_RUNPATH_SEARCH_PATHS = (
					"$(inherited)",
					"@executable_path/Frameworks",
				);
				PRODUCT_BUNDLE_IDENTIFIER = com.tf.Storyteller;
				PRODUCT_NAME = "$(TARGET_NAME)";
				SWIFT_VERSION = 5.0;
				TARGETED_DEVICE_FAMILY = "1,2";
			};
			name = Debug;
		};
		A24F63082600CC7500FC7CD4 /* Release */ = {
			isa = XCBuildConfiguration;
			buildSettings = {
				ASSETCATALOG_COMPILER_APPICON_NAME = AppIcon;
				ASSETCATALOG_COMPILER_GLOBAL_ACCENT_COLOR_NAME = AccentColor;
				CODE_SIGN_STYLE = Automatic;
				DEVELOPMENT_TEAM = M3JC2347GD;
				INFOPLIST_FILE = Storyteller/Info.plist;
				LD_RUNPATH_SEARCH_PATHS = (
					"$(inherited)",
					"@executable_path/Frameworks",
				);
				PRODUCT_BUNDLE_IDENTIFIER = com.tf.Storyteller;
				PRODUCT_NAME = "$(TARGET_NAME)";
				SWIFT_VERSION = 5.0;
				TARGETED_DEVICE_FAMILY = "1,2";
			};
			name = Release;
		};
		A29A18F526071A3700710943 /* Debug */ = {
			isa = XCBuildConfiguration;
			buildSettings = {
				BUNDLE_LOADER = "$(TEST_HOST)";
				CODE_SIGN_STYLE = Automatic;
				INFOPLIST_FILE = StorytellerTests/Info.plist;
				LD_RUNPATH_SEARCH_PATHS = (
					"$(inherited)",
					"@executable_path/Frameworks",
					"@loader_path/Frameworks",
				);
				PRODUCT_BUNDLE_IDENTIFIER = com.johnpan.StorytellerTests;
				PRODUCT_NAME = "$(TARGET_NAME)";
				SWIFT_VERSION = 5.0;
				TARGETED_DEVICE_FAMILY = "1,2";
				TEST_HOST = "$(BUILT_PRODUCTS_DIR)/Storyteller.app/Storyteller";
			};
			name = Debug;
		};
		A29A18F626071A3700710943 /* Release */ = {
			isa = XCBuildConfiguration;
			buildSettings = {
				BUNDLE_LOADER = "$(TEST_HOST)";
				CODE_SIGN_STYLE = Automatic;
				INFOPLIST_FILE = StorytellerTests/Info.plist;
				LD_RUNPATH_SEARCH_PATHS = (
					"$(inherited)",
					"@executable_path/Frameworks",
					"@loader_path/Frameworks",
				);
				PRODUCT_BUNDLE_IDENTIFIER = com.johnpan.StorytellerTests;
				PRODUCT_NAME = "$(TARGET_NAME)";
				SWIFT_VERSION = 5.0;
				TARGETED_DEVICE_FAMILY = "1,2";
				TEST_HOST = "$(BUILT_PRODUCTS_DIR)/Storyteller.app/Storyteller";
			};
			name = Release;
		};
/* End XCBuildConfiguration section */

/* Begin XCConfigurationList section */
		A24F62ED2600CC7300FC7CD4 /* Build configuration list for PBXProject "Storyteller" */ = {
			isa = XCConfigurationList;
			buildConfigurations = (
				A24F63042600CC7500FC7CD4 /* Debug */,
				A24F63052600CC7500FC7CD4 /* Release */,
			);
			defaultConfigurationIsVisible = 0;
			defaultConfigurationName = Release;
		};
		A24F63062600CC7500FC7CD4 /* Build configuration list for PBXNativeTarget "Storyteller" */ = {
			isa = XCConfigurationList;
			buildConfigurations = (
				A24F63072600CC7500FC7CD4 /* Debug */,
				A24F63082600CC7500FC7CD4 /* Release */,
			);
			defaultConfigurationIsVisible = 0;
			defaultConfigurationName = Release;
		};
		A29A18F426071A3700710943 /* Build configuration list for PBXNativeTarget "StorytellerTests" */ = {
			isa = XCConfigurationList;
			buildConfigurations = (
				A29A18F526071A3700710943 /* Debug */,
				A29A18F626071A3700710943 /* Release */,
			);
			defaultConfigurationIsVisible = 0;
			defaultConfigurationName = Release;
		};
/* End XCConfigurationList section */
	};
	rootObject = A24F62EA2600CC7300FC7CD4 /* Project object */;
}
