// !$*UTF8*$!
{
	archiveVersion = 1;
	classes = {
	};
	objectVersion = 50;
	objects = {

/* Begin PBXBuildFile section */
		A24F62F62600CC7300FC7CD4 /* AppDelegate.swift in Sources */ = {isa = PBXBuildFile; fileRef = A24F62F52600CC7300FC7CD4 /* AppDelegate.swift */; };
		A24F62F82600CC7300FC7CD4 /* SceneDelegate.swift in Sources */ = {isa = PBXBuildFile; fileRef = A24F62F72600CC7300FC7CD4 /* SceneDelegate.swift */; };
		A24F62FA2600CC7300FC7CD4 /* ViewController.swift in Sources */ = {isa = PBXBuildFile; fileRef = A24F62F92600CC7300FC7CD4 /* ViewController.swift */; };
		A24F62FD2600CC7300FC7CD4 /* Main.storyboard in Resources */ = {isa = PBXBuildFile; fileRef = A24F62FB2600CC7300FC7CD4 /* Main.storyboard */; };
		A24F62FF2600CC7500FC7CD4 /* Assets.xcassets in Resources */ = {isa = PBXBuildFile; fileRef = A24F62FE2600CC7500FC7CD4 /* Assets.xcassets */; };
		A24F63022600CC7500FC7CD4 /* LaunchScreen.storyboard in Resources */ = {isa = PBXBuildFile; fileRef = A24F63002600CC7500FC7CD4 /* LaunchScreen.storyboard */; };
		B3755AA22605F21400EC0F56 /* LayerView.swift in Sources */ = {isa = PBXBuildFile; fileRef = B3755AA12605F21400EC0F56 /* LayerView.swift */; };
		B3755AAB26062B9700EC0F56 /* ShotDesignerController.swift in Sources */ = {isa = PBXBuildFile; fileRef = B3755AAA26062B9700EC0F56 /* ShotDesignerController.swift */; };
		B3755AB3260643C000EC0F56 /* Constants.swift in Sources */ = {isa = PBXBuildFile; fileRef = B3755AB2260643C000EC0F56 /* Constants.swift */; };
		B3755AB92606454900EC0F56 /* ShotView.swift in Sources */ = {isa = PBXBuildFile; fileRef = B3755AB82606454900EC0F56 /* ShotView.swift */; };
		B3755AC0260646F200EC0F56 /* ModelManager.swift in Sources */ = {isa = PBXBuildFile; fileRef = B3755ABF260646F200EC0F56 /* ModelManager.swift */; };
		B3755AC826064B5D00EC0F56 /* SceneLabel.swift in Sources */ = {isa = PBXBuildFile; fileRef = B3755AC726064B5D00EC0F56 /* SceneLabel.swift */; };
		B3755ACD26064B8500EC0F56 /* ShotLabel.swift in Sources */ = {isa = PBXBuildFile; fileRef = B3755ACC26064B8500EC0F56 /* ShotLabel.swift */; };
		B3755AD026064E4700EC0F56 /* Layer.swift in Sources */ = {isa = PBXBuildFile; fileRef = B3755ACF26064E4700EC0F56 /* Layer.swift */; };
		B3755AD3260651DC00EC0F56 /* LayerType.swift in Sources */ = {isa = PBXBuildFile; fileRef = B3755AD2260651DC00EC0F56 /* LayerType.swift */; };
		B3755AD626065C0700EC0F56 /* DrawingUtility.swift in Sources */ = {isa = PBXBuildFile; fileRef = B3755AD526065C0700EC0F56 /* DrawingUtility.swift */; };
		B37F3A1F26070975000B6F8C /* StorytellerTests.swift in Sources */ = {isa = PBXBuildFile; fileRef = B37F3A1E26070975000B6F8C /* StorytellerTests.swift */; };
/* End PBXBuildFile section */

/* Begin PBXContainerItemProxy section */
		B37F3A2126070976000B6F8C /* PBXContainerItemProxy */ = {
			isa = PBXContainerItemProxy;
			containerPortal = A24F62EA2600CC7300FC7CD4 /* Project object */;
			proxyType = 1;
			remoteGlobalIDString = A24F62F12600CC7300FC7CD4;
			remoteInfo = Storyteller;
		};
/* End PBXContainerItemProxy section */

/* Begin PBXFileReference section */
		A24F62F22600CC7300FC7CD4 /* Storyteller.app */ = {isa = PBXFileReference; explicitFileType = wrapper.application; includeInIndex = 0; path = Storyteller.app; sourceTree = BUILT_PRODUCTS_DIR; };
		A24F62F52600CC7300FC7CD4 /* AppDelegate.swift */ = {isa = PBXFileReference; lastKnownFileType = sourcecode.swift; path = AppDelegate.swift; sourceTree = "<group>"; };
		A24F62F72600CC7300FC7CD4 /* SceneDelegate.swift */ = {isa = PBXFileReference; lastKnownFileType = sourcecode.swift; path = SceneDelegate.swift; sourceTree = "<group>"; };
		A24F62F92600CC7300FC7CD4 /* ViewController.swift */ = {isa = PBXFileReference; lastKnownFileType = sourcecode.swift; path = ViewController.swift; sourceTree = "<group>"; };
		A24F62FC2600CC7300FC7CD4 /* Base */ = {isa = PBXFileReference; lastKnownFileType = file.storyboard; name = Base; path = Base.lproj/Main.storyboard; sourceTree = "<group>"; };
		A24F62FE2600CC7500FC7CD4 /* Assets.xcassets */ = {isa = PBXFileReference; lastKnownFileType = folder.assetcatalog; path = Assets.xcassets; sourceTree = "<group>"; };
		A24F63012600CC7500FC7CD4 /* Base */ = {isa = PBXFileReference; lastKnownFileType = file.storyboard; name = Base; path = Base.lproj/LaunchScreen.storyboard; sourceTree = "<group>"; };
		A24F63032600CC7500FC7CD4 /* Info.plist */ = {isa = PBXFileReference; lastKnownFileType = text.plist.xml; path = Info.plist; sourceTree = "<group>"; };
		B3755AA12605F21400EC0F56 /* LayerView.swift */ = {isa = PBXFileReference; lastKnownFileType = sourcecode.swift; path = LayerView.swift; sourceTree = "<group>"; };
		B3755AAA26062B9700EC0F56 /* ShotDesignerController.swift */ = {isa = PBXFileReference; lastKnownFileType = sourcecode.swift; path = ShotDesignerController.swift; sourceTree = "<group>"; };
		B3755AB2260643C000EC0F56 /* Constants.swift */ = {isa = PBXFileReference; lastKnownFileType = sourcecode.swift; path = Constants.swift; sourceTree = "<group>"; };
		B3755AB82606454900EC0F56 /* ShotView.swift */ = {isa = PBXFileReference; lastKnownFileType = sourcecode.swift; path = ShotView.swift; sourceTree = "<group>"; };
		B3755ABF260646F200EC0F56 /* ModelManager.swift */ = {isa = PBXFileReference; lastKnownFileType = sourcecode.swift; path = ModelManager.swift; sourceTree = "<group>"; };
		B3755AC726064B5D00EC0F56 /* SceneLabel.swift */ = {isa = PBXFileReference; lastKnownFileType = sourcecode.swift; path = SceneLabel.swift; sourceTree = "<group>"; };
		B3755ACC26064B8500EC0F56 /* ShotLabel.swift */ = {isa = PBXFileReference; lastKnownFileType = sourcecode.swift; path = ShotLabel.swift; sourceTree = "<group>"; };
		B3755ACF26064E4700EC0F56 /* Layer.swift */ = {isa = PBXFileReference; lastKnownFileType = sourcecode.swift; path = Layer.swift; sourceTree = "<group>"; };
		B3755AD2260651DC00EC0F56 /* LayerType.swift */ = {isa = PBXFileReference; lastKnownFileType = sourcecode.swift; path = LayerType.swift; sourceTree = "<group>"; };
		B3755AD526065C0700EC0F56 /* DrawingUtility.swift */ = {isa = PBXFileReference; lastKnownFileType = sourcecode.swift; path = DrawingUtility.swift; sourceTree = "<group>"; };
		B37F3A1C26070975000B6F8C /* StorytellerTests.xctest */ = {isa = PBXFileReference; explicitFileType = wrapper.cfbundle; includeInIndex = 0; path = StorytellerTests.xctest; sourceTree = BUILT_PRODUCTS_DIR; };
		B37F3A1E26070975000B6F8C /* StorytellerTests.swift */ = {isa = PBXFileReference; lastKnownFileType = sourcecode.swift; path = StorytellerTests.swift; sourceTree = "<group>"; };
		B37F3A2026070976000B6F8C /* Info.plist */ = {isa = PBXFileReference; lastKnownFileType = text.plist.xml; path = Info.plist; sourceTree = "<group>"; };
/* End PBXFileReference section */

/* Begin PBXFrameworksBuildPhase section */
		A24F62EF2600CC7300FC7CD4 /* Frameworks */ = {
			isa = PBXFrameworksBuildPhase;
			buildActionMask = 2147483647;
			files = (
			);
			runOnlyForDeploymentPostprocessing = 0;
		};
		B37F3A1926070975000B6F8C /* Frameworks */ = {
			isa = PBXFrameworksBuildPhase;
			buildActionMask = 2147483647;
			files = (
			);
			runOnlyForDeploymentPostprocessing = 0;
		};
/* End PBXFrameworksBuildPhase section */

/* Begin PBXGroup section */
		A24F62E92600CC7300FC7CD4 = {
			isa = PBXGroup;
			children = (
				A24F62F42600CC7300FC7CD4 /* Storyteller */,
				B37F3A1D26070975000B6F8C /* StorytellerTests */,
				A24F62F32600CC7300FC7CD4 /* Products */,
			);
			sourceTree = "<group>";
		};
		A24F62F32600CC7300FC7CD4 /* Products */ = {
			isa = PBXGroup;
			children = (
				A24F62F22600CC7300FC7CD4 /* Storyteller.app */,
				B37F3A1C26070975000B6F8C /* StorytellerTests.xctest */,
			);
			name = Products;
			sourceTree = "<group>";
		};
		A24F62F42600CC7300FC7CD4 /* Storyteller */ = {
			isa = PBXGroup;
			children = (
				B3755ABE260646E600EC0F56 /* Model */,
				B3755AA826062B7500EC0F56 /* Drawing */,
				A24F630C2600CC8D00FC7CD4 /* ViewController+View */,
				A24F62F52600CC7300FC7CD4 /* AppDelegate.swift */,
				A24F62F72600CC7300FC7CD4 /* SceneDelegate.swift */,
				A24F62FB2600CC7300FC7CD4 /* Main.storyboard */,
				B3755AB2260643C000EC0F56 /* Constants.swift */,
				A24F62FE2600CC7500FC7CD4 /* Assets.xcassets */,
				A24F63002600CC7500FC7CD4 /* LaunchScreen.storyboard */,
				A24F63032600CC7500FC7CD4 /* Info.plist */,
			);
			path = Storyteller;
			sourceTree = "<group>";
		};
		A24F630C2600CC8D00FC7CD4 /* ViewController+View */ = {
			isa = PBXGroup;
			children = (
				A24F62F92600CC7300FC7CD4 /* ViewController.swift */,
			);
			path = "ViewController+View";
			sourceTree = "<group>";
		};
		B3755AA02605F1E100EC0F56 /* Drawing View */ = {
			isa = PBXGroup;
			children = (
				B3755AA12605F21400EC0F56 /* LayerView.swift */,
				B3755AB82606454900EC0F56 /* ShotView.swift */,
			);
			path = "Drawing View";
			sourceTree = "<group>";
		};
		B3755AA826062B7500EC0F56 /* Drawing */ = {
			isa = PBXGroup;
			children = (
				B3755AA926062B7C00EC0F56 /* Drawing Controller */,
				B3755AA02605F1E100EC0F56 /* Drawing View */,
				B3755AD526065C0700EC0F56 /* DrawingUtility.swift */,
			);
			path = Drawing;
			sourceTree = "<group>";
		};
		B3755AA926062B7C00EC0F56 /* Drawing Controller */ = {
			isa = PBXGroup;
			children = (
				B3755AAA26062B9700EC0F56 /* ShotDesignerController.swift */,
			);
			path = "Drawing Controller";
			sourceTree = "<group>";
		};
		B3755ABE260646E600EC0F56 /* Model */ = {
			isa = PBXGroup;
			children = (
				B3755ABF260646F200EC0F56 /* ModelManager.swift */,
				B3755ACF26064E4700EC0F56 /* Layer.swift */,
				B3755AD2260651DC00EC0F56 /* LayerType.swift */,
				B3755AC626064B4300EC0F56 /* Index */,
			);
			path = Model;
			sourceTree = "<group>";
		};
		B3755AC626064B4300EC0F56 /* Index */ = {
			isa = PBXGroup;
			children = (
				B3755AC726064B5D00EC0F56 /* SceneLabel.swift */,
				B3755ACC26064B8500EC0F56 /* ShotLabel.swift */,
			);
			path = Index;
			sourceTree = "<group>";
		};
		B37F3A1D26070975000B6F8C /* StorytellerTests */ = {
			isa = PBXGroup;
			children = (
				B37F3A1E26070975000B6F8C /* StorytellerTests.swift */,
				B37F3A2026070976000B6F8C /* Info.plist */,
			);
			path = StorytellerTests;
			sourceTree = "<group>";
		};
/* End PBXGroup section */

/* Begin PBXNativeTarget section */
		A24F62F12600CC7300FC7CD4 /* Storyteller */ = {
			isa = PBXNativeTarget;
			buildConfigurationList = A24F63062600CC7500FC7CD4 /* Build configuration list for PBXNativeTarget "Storyteller" */;
			buildPhases = (
				A24F62EE2600CC7300FC7CD4 /* Sources */,
				A24F62EF2600CC7300FC7CD4 /* Frameworks */,
				A24F62F02600CC7300FC7CD4 /* Resources */,
				B37F3A1726070940000B6F8C /* ShellScript */,
			);
			buildRules = (
			);
			dependencies = (
			);
			name = Storyteller;
			productName = Storyteller;
			productReference = A24F62F22600CC7300FC7CD4 /* Storyteller.app */;
			productType = "com.apple.product-type.application";
		};
		B37F3A1B26070975000B6F8C /* StorytellerTests */ = {
			isa = PBXNativeTarget;
			buildConfigurationList = B37F3A2326070976000B6F8C /* Build configuration list for PBXNativeTarget "StorytellerTests" */;
			buildPhases = (
				B37F3A1826070975000B6F8C /* Sources */,
				B37F3A1926070975000B6F8C /* Frameworks */,
				B37F3A1A26070975000B6F8C /* Resources */,
			);
			buildRules = (
			);
			dependencies = (
				B37F3A2226070976000B6F8C /* PBXTargetDependency */,
			);
			name = StorytellerTests;
			productName = StorytellerTests;
			productReference = B37F3A1C26070975000B6F8C /* StorytellerTests.xctest */;
			productType = "com.apple.product-type.bundle.unit-test";
		};
/* End PBXNativeTarget section */

/* Begin PBXProject section */
		A24F62EA2600CC7300FC7CD4 /* Project object */ = {
			isa = PBXProject;
			attributes = {
				LastSwiftUpdateCheck = 1240;
				LastUpgradeCheck = 1240;
				TargetAttributes = {
					A24F62F12600CC7300FC7CD4 = {
						CreatedOnToolsVersion = 12.4;
					};
					B37F3A1B26070975000B6F8C = {
						CreatedOnToolsVersion = 12.4;
						TestTargetID = A24F62F12600CC7300FC7CD4;
					};
				};
			};
			buildConfigurationList = A24F62ED2600CC7300FC7CD4 /* Build configuration list for PBXProject "Storyteller" */;
			compatibilityVersion = "Xcode 9.3";
			developmentRegion = en;
			hasScannedForEncodings = 0;
			knownRegions = (
				en,
				Base,
			);
			mainGroup = A24F62E92600CC7300FC7CD4;
			productRefGroup = A24F62F32600CC7300FC7CD4 /* Products */;
			projectDirPath = "";
			projectRoot = "";
			targets = (
				A24F62F12600CC7300FC7CD4 /* Storyteller */,
				B37F3A1B26070975000B6F8C /* StorytellerTests */,
			);
		};
/* End PBXProject section */

/* Begin PBXResourcesBuildPhase section */
		A24F62F02600CC7300FC7CD4 /* Resources */ = {
			isa = PBXResourcesBuildPhase;
			buildActionMask = 2147483647;
			files = (
				A24F63022600CC7500FC7CD4 /* LaunchScreen.storyboard in Resources */,
				A24F62FF2600CC7500FC7CD4 /* Assets.xcassets in Resources */,
				A24F62FD2600CC7300FC7CD4 /* Main.storyboard in Resources */,
			);
			runOnlyForDeploymentPostprocessing = 0;
		};
		B37F3A1A26070975000B6F8C /* Resources */ = {
			isa = PBXResourcesBuildPhase;
			buildActionMask = 2147483647;
			files = (
			);
			runOnlyForDeploymentPostprocessing = 0;
		};
/* End PBXResourcesBuildPhase section */

/* Begin PBXShellScriptBuildPhase section */
		B37F3A1726070940000B6F8C /* ShellScript */ = {
			isa = PBXShellScriptBuildPhase;
			buildActionMask = 2147483647;
			files = (
			);
			inputFileListPaths = (
			);
			inputPaths = (
			);
			outputFileListPaths = (
			);
			outputPaths = (
			);
			runOnlyForDeploymentPostprocessing = 0;
			shellPath = /bin/sh;
			shellScript = "if which swiftlint >/dev/null; then\n  swiftlint\nelse\n  echo \"warning: SwiftLint not installed, download from https://github.com/realm/SwiftLint\"\nfi\n";
		};
/* End PBXShellScriptBuildPhase section */

/* Begin PBXSourcesBuildPhase section */
		A24F62EE2600CC7300FC7CD4 /* Sources */ = {
			isa = PBXSourcesBuildPhase;
			buildActionMask = 2147483647;
			files = (
				B3755AAB26062B9700EC0F56 /* ShotDesignerController.swift in Sources */,
				B3755AC0260646F200EC0F56 /* ModelManager.swift in Sources */,
				B3755AB92606454900EC0F56 /* ShotView.swift in Sources */,
				B3755AD026064E4700EC0F56 /* Layer.swift in Sources */,
				A24F62FA2600CC7300FC7CD4 /* ViewController.swift in Sources */,
				A24F62F62600CC7300FC7CD4 /* AppDelegate.swift in Sources */,
				B3755AA22605F21400EC0F56 /* LayerView.swift in Sources */,
				A24F62F82600CC7300FC7CD4 /* SceneDelegate.swift in Sources */,
				B3755AB3260643C000EC0F56 /* Constants.swift in Sources */,
				B3755AD3260651DC00EC0F56 /* LayerType.swift in Sources */,
				B3755ACD26064B8500EC0F56 /* ShotLabel.swift in Sources */,
				B3755AC826064B5D00EC0F56 /* SceneLabel.swift in Sources */,
				B3755AD626065C0700EC0F56 /* DrawingUtility.swift in Sources */,
			);
			runOnlyForDeploymentPostprocessing = 0;
		};
		B37F3A1826070975000B6F8C /* Sources */ = {
			isa = PBXSourcesBuildPhase;
			buildActionMask = 2147483647;
			files = (
				B37F3A1F26070975000B6F8C /* StorytellerTests.swift in Sources */,
			);
			runOnlyForDeploymentPostprocessing = 0;
		};
/* End PBXSourcesBuildPhase section */

/* Begin PBXTargetDependency section */
		B37F3A2226070976000B6F8C /* PBXTargetDependency */ = {
			isa = PBXTargetDependency;
			target = A24F62F12600CC7300FC7CD4 /* Storyteller */;
			targetProxy = B37F3A2126070976000B6F8C /* PBXContainerItemProxy */;
		};
/* End PBXTargetDependency section */

/* Begin PBXVariantGroup section */
		A24F62FB2600CC7300FC7CD4 /* Main.storyboard */ = {
			isa = PBXVariantGroup;
			children = (
				A24F62FC2600CC7300FC7CD4 /* Base */,
			);
			name = Main.storyboard;
			sourceTree = "<group>";
		};
		A24F63002600CC7500FC7CD4 /* LaunchScreen.storyboard */ = {
			isa = PBXVariantGroup;
			children = (
				A24F63012600CC7500FC7CD4 /* Base */,
			);
			name = LaunchScreen.storyboard;
			sourceTree = "<group>";
		};
/* End PBXVariantGroup section */

/* Begin XCBuildConfiguration section */
		A24F63042600CC7500FC7CD4 /* Debug */ = {
			isa = XCBuildConfiguration;
			buildSettings = {
				ALWAYS_SEARCH_USER_PATHS = NO;
				CLANG_ANALYZER_NONNULL = YES;
				CLANG_ANALYZER_NUMBER_OBJECT_CONVERSION = YES_AGGRESSIVE;
				CLANG_CXX_LANGUAGE_STANDARD = "gnu++14";
				CLANG_CXX_LIBRARY = "libc++";
				CLANG_ENABLE_MODULES = YES;
				CLANG_ENABLE_OBJC_ARC = YES;
				CLANG_ENABLE_OBJC_WEAK = YES;
				CLANG_WARN_BLOCK_CAPTURE_AUTORELEASING = YES;
				CLANG_WARN_BOOL_CONVERSION = YES;
				CLANG_WARN_COMMA = YES;
				CLANG_WARN_CONSTANT_CONVERSION = YES;
				CLANG_WARN_DEPRECATED_OBJC_IMPLEMENTATIONS = YES;
				CLANG_WARN_DIRECT_OBJC_ISA_USAGE = YES_ERROR;
				CLANG_WARN_DOCUMENTATION_COMMENTS = YES;
				CLANG_WARN_EMPTY_BODY = YES;
				CLANG_WARN_ENUM_CONVERSION = YES;
				CLANG_WARN_INFINITE_RECURSION = YES;
				CLANG_WARN_INT_CONVERSION = YES;
				CLANG_WARN_NON_LITERAL_NULL_CONVERSION = YES;
				CLANG_WARN_OBJC_IMPLICIT_RETAIN_SELF = YES;
				CLANG_WARN_OBJC_LITERAL_CONVERSION = YES;
				CLANG_WARN_OBJC_ROOT_CLASS = YES_ERROR;
				CLANG_WARN_QUOTED_INCLUDE_IN_FRAMEWORK_HEADER = YES;
				CLANG_WARN_RANGE_LOOP_ANALYSIS = YES;
				CLANG_WARN_STRICT_PROTOTYPES = YES;
				CLANG_WARN_SUSPICIOUS_MOVE = YES;
				CLANG_WARN_UNGUARDED_AVAILABILITY = YES_AGGRESSIVE;
				CLANG_WARN_UNREACHABLE_CODE = YES;
				CLANG_WARN__DUPLICATE_METHOD_MATCH = YES;
				COPY_PHASE_STRIP = NO;
				DEBUG_INFORMATION_FORMAT = dwarf;
				ENABLE_STRICT_OBJC_MSGSEND = YES;
				ENABLE_TESTABILITY = YES;
				GCC_C_LANGUAGE_STANDARD = gnu11;
				GCC_DYNAMIC_NO_PIC = NO;
				GCC_NO_COMMON_BLOCKS = YES;
				GCC_OPTIMIZATION_LEVEL = 0;
				GCC_PREPROCESSOR_DEFINITIONS = (
					"DEBUG=1",
					"$(inherited)",
				);
				GCC_WARN_64_TO_32_BIT_CONVERSION = YES;
				GCC_WARN_ABOUT_RETURN_TYPE = YES_ERROR;
				GCC_WARN_UNDECLARED_SELECTOR = YES;
				GCC_WARN_UNINITIALIZED_AUTOS = YES_AGGRESSIVE;
				GCC_WARN_UNUSED_FUNCTION = YES;
				GCC_WARN_UNUSED_VARIABLE = YES;
				IPHONEOS_DEPLOYMENT_TARGET = 14.4;
				MTL_ENABLE_DEBUG_INFO = INCLUDE_SOURCE;
				MTL_FAST_MATH = YES;
				ONLY_ACTIVE_ARCH = YES;
				SDKROOT = iphoneos;
				SWIFT_ACTIVE_COMPILATION_CONDITIONS = DEBUG;
				SWIFT_OPTIMIZATION_LEVEL = "-Onone";
			};
			name = Debug;
		};
		A24F63052600CC7500FC7CD4 /* Release */ = {
			isa = XCBuildConfiguration;
			buildSettings = {
				ALWAYS_SEARCH_USER_PATHS = NO;
				CLANG_ANALYZER_NONNULL = YES;
				CLANG_ANALYZER_NUMBER_OBJECT_CONVERSION = YES_AGGRESSIVE;
				CLANG_CXX_LANGUAGE_STANDARD = "gnu++14";
				CLANG_CXX_LIBRARY = "libc++";
				CLANG_ENABLE_MODULES = YES;
				CLANG_ENABLE_OBJC_ARC = YES;
				CLANG_ENABLE_OBJC_WEAK = YES;
				CLANG_WARN_BLOCK_CAPTURE_AUTORELEASING = YES;
				CLANG_WARN_BOOL_CONVERSION = YES;
				CLANG_WARN_COMMA = YES;
				CLANG_WARN_CONSTANT_CONVERSION = YES;
				CLANG_WARN_DEPRECATED_OBJC_IMPLEMENTATIONS = YES;
				CLANG_WARN_DIRECT_OBJC_ISA_USAGE = YES_ERROR;
				CLANG_WARN_DOCUMENTATION_COMMENTS = YES;
				CLANG_WARN_EMPTY_BODY = YES;
				CLANG_WARN_ENUM_CONVERSION = YES;
				CLANG_WARN_INFINITE_RECURSION = YES;
				CLANG_WARN_INT_CONVERSION = YES;
				CLANG_WARN_NON_LITERAL_NULL_CONVERSION = YES;
				CLANG_WARN_OBJC_IMPLICIT_RETAIN_SELF = YES;
				CLANG_WARN_OBJC_LITERAL_CONVERSION = YES;
				CLANG_WARN_OBJC_ROOT_CLASS = YES_ERROR;
				CLANG_WARN_QUOTED_INCLUDE_IN_FRAMEWORK_HEADER = YES;
				CLANG_WARN_RANGE_LOOP_ANALYSIS = YES;
				CLANG_WARN_STRICT_PROTOTYPES = YES;
				CLANG_WARN_SUSPICIOUS_MOVE = YES;
				CLANG_WARN_UNGUARDED_AVAILABILITY = YES_AGGRESSIVE;
				CLANG_WARN_UNREACHABLE_CODE = YES;
				CLANG_WARN__DUPLICATE_METHOD_MATCH = YES;
				COPY_PHASE_STRIP = NO;
				DEBUG_INFORMATION_FORMAT = "dwarf-with-dsym";
				ENABLE_NS_ASSERTIONS = NO;
				ENABLE_STRICT_OBJC_MSGSEND = YES;
				GCC_C_LANGUAGE_STANDARD = gnu11;
				GCC_NO_COMMON_BLOCKS = YES;
				GCC_WARN_64_TO_32_BIT_CONVERSION = YES;
				GCC_WARN_ABOUT_RETURN_TYPE = YES_ERROR;
				GCC_WARN_UNDECLARED_SELECTOR = YES;
				GCC_WARN_UNINITIALIZED_AUTOS = YES_AGGRESSIVE;
				GCC_WARN_UNUSED_FUNCTION = YES;
				GCC_WARN_UNUSED_VARIABLE = YES;
				IPHONEOS_DEPLOYMENT_TARGET = 14.4;
				MTL_ENABLE_DEBUG_INFO = NO;
				MTL_FAST_MATH = YES;
				SDKROOT = iphoneos;
				SWIFT_COMPILATION_MODE = wholemodule;
				SWIFT_OPTIMIZATION_LEVEL = "-O";
				VALIDATE_PRODUCT = YES;
			};
			name = Release;
		};
		A24F63072600CC7500FC7CD4 /* Debug */ = {
			isa = XCBuildConfiguration;
			buildSettings = {
				ASSETCATALOG_COMPILER_APPICON_NAME = AppIcon;
				ASSETCATALOG_COMPILER_GLOBAL_ACCENT_COLOR_NAME = AccentColor;
				CODE_SIGN_STYLE = Automatic;
				INFOPLIST_FILE = Storyteller/Info.plist;
				LD_RUNPATH_SEARCH_PATHS = (
					"$(inherited)",
					"@executable_path/Frameworks",
				);
				PRODUCT_BUNDLE_IDENTIFIER = com.storyteller.Storyteller;
				PRODUCT_NAME = "$(TARGET_NAME)";
				SWIFT_VERSION = 5.0;
				TARGETED_DEVICE_FAMILY = "1,2";
			};
			name = Debug;
		};
		A24F63082600CC7500FC7CD4 /* Release */ = {
			isa = XCBuildConfiguration;
			buildSettings = {
				ASSETCATALOG_COMPILER_APPICON_NAME = AppIcon;
				ASSETCATALOG_COMPILER_GLOBAL_ACCENT_COLOR_NAME = AccentColor;
				CODE_SIGN_STYLE = Automatic;
				INFOPLIST_FILE = Storyteller/Info.plist;
				LD_RUNPATH_SEARCH_PATHS = (
					"$(inherited)",
					"@executable_path/Frameworks",
				);
				PRODUCT_BUNDLE_IDENTIFIER = com.storyteller.Storyteller;
				PRODUCT_NAME = "$(TARGET_NAME)";
				SWIFT_VERSION = 5.0;
				TARGETED_DEVICE_FAMILY = "1,2";
			};
			name = Release;
		};
		B37F3A2426070976000B6F8C /* Debug */ = {
			isa = XCBuildConfiguration;
			buildSettings = {
				BUNDLE_LOADER = "$(TEST_HOST)";
				CODE_SIGN_STYLE = Automatic;
				DEVELOPMENT_TEAM = M3JC2347GD;
				INFOPLIST_FILE = StorytellerTests/Info.plist;
				LD_RUNPATH_SEARCH_PATHS = (
					"$(inherited)",
					"@executable_path/Frameworks",
					"@loader_path/Frameworks",
				);
				PRODUCT_BUNDLE_IDENTIFIER = com.storyteller.StorytellerTests;
				PRODUCT_NAME = "$(TARGET_NAME)";
				SWIFT_VERSION = 5.0;
				TARGETED_DEVICE_FAMILY = "1,2";
				TEST_HOST = "$(BUILT_PRODUCTS_DIR)/Storyteller.app/Storyteller";
			};
			name = Debug;
		};
		B37F3A2526070976000B6F8C /* Release */ = {
			isa = XCBuildConfiguration;
			buildSettings = {
				BUNDLE_LOADER = "$(TEST_HOST)";
				CODE_SIGN_STYLE = Automatic;
				DEVELOPMENT_TEAM = M3JC2347GD;
				INFOPLIST_FILE = StorytellerTests/Info.plist;
				LD_RUNPATH_SEARCH_PATHS = (
					"$(inherited)",
					"@executable_path/Frameworks",
					"@loader_path/Frameworks",
				);
				PRODUCT_BUNDLE_IDENTIFIER = com.storyteller.StorytellerTests;
				PRODUCT_NAME = "$(TARGET_NAME)";
				SWIFT_VERSION = 5.0;
				TARGETED_DEVICE_FAMILY = "1,2";
				TEST_HOST = "$(BUILT_PRODUCTS_DIR)/Storyteller.app/Storyteller";
			};
			name = Release;
		};
/* End XCBuildConfiguration section */

/* Begin XCConfigurationList section */
		A24F62ED2600CC7300FC7CD4 /* Build configuration list for PBXProject "Storyteller" */ = {
			isa = XCConfigurationList;
			buildConfigurations = (
				A24F63042600CC7500FC7CD4 /* Debug */,
				A24F63052600CC7500FC7CD4 /* Release */,
			);
			defaultConfigurationIsVisible = 0;
			defaultConfigurationName = Release;
		};
		A24F63062600CC7500FC7CD4 /* Build configuration list for PBXNativeTarget "Storyteller" */ = {
			isa = XCConfigurationList;
			buildConfigurations = (
				A24F63072600CC7500FC7CD4 /* Debug */,
				A24F63082600CC7500FC7CD4 /* Release */,
			);
			defaultConfigurationIsVisible = 0;
			defaultConfigurationName = Release;
		};
		B37F3A2326070976000B6F8C /* Build configuration list for PBXNativeTarget "StorytellerTests" */ = {
			isa = XCConfigurationList;
			buildConfigurations = (
				B37F3A2426070976000B6F8C /* Debug */,
				B37F3A2526070976000B6F8C /* Release */,
			);
			defaultConfigurationIsVisible = 0;
			defaultConfigurationName = Release;
		};
/* End XCConfigurationList section */
	};
	rootObject = A24F62EA2600CC7300FC7CD4 /* Project object */;
}
